
Microsoft Visual Studio Solution File, Format Version 11.00
# Visual Studio 2010
Project("{FAE04EC0-301F-11D3-BF4B-00C04F79EFBC}") = "WcfMessengerSvc", "WcfMessengerSvc\WcfMessengerSvc.csproj", "{C9E9F6A0-E322-476F-A858-ABC470B0206A}"
EndProject
Project("{FAE04EC0-301F-11D3-BF4B-00C04F79EFBC}") = "MessengerLib", "MessengerLib\MessengerLib.csproj", "{8FE25062-ECF5-47F0-B875-E73865A7FBCD}"
EndProject
Project("{FAE04EC0-301F-11D3-BF4B-00C04F79EFBC}") = "WcfService1", "WcfService1\WcfService1.csproj", "{DFBCCE2A-0195-41E3-92E6-7FD281459429}"
EndProject
Global
	GlobalSection(SolutionConfigurationPlatforms) = preSolution
		Debug|Any CPU = Debug|Any CPU
		Debug|Mixed Platforms = Debug|Mixed Platforms
		Debug|x86 = Debug|x86
		Release|Any CPU = Release|Any CPU
		Release|Mixed Platforms = Release|Mixed Platforms
		Release|x86 = Release|x86
	EndGlobalSection
	GlobalSection(ProjectConfigurationPlatforms) = postSolution
		{C9E9F6A0-E322-476F-A858-ABC470B0206A}.Debug|Any CPU.ActiveCfg = Debug|x86
		{C9E9F6A0-E322-476F-A858-ABC470B0206A}.Debug|Mixed Platforms.ActiveCfg = Debug|x86
		{C9E9F6A0-E322-476F-A858-ABC470B0206A}.Debug|Mixed Platforms.Build.0 = Debug|x86
		{C9E9F6A0-E322-476F-A858-ABC470B0206A}.Debug|x86.ActiveCfg = Debug|x86
		{C9E9F6A0-E322-476F-A858-ABC470B0206A}.Debug|x86.Build.0 = Debug|x86
		{C9E9F6A0-E322-476F-A858-ABC470B0206A}.Release|Any CPU.ActiveCfg = Release|x86
		{C9E9F6A0-E322-476F-A858-ABC470B0206A}.Release|Mixed Platforms.ActiveCfg = Release|x86
		{C9E9F6A0-E322-476F-A858-ABC470B0206A}.Release|Mixed Platforms.Build.0 = Release|x86
		{C9E9F6A0-E322-476F-A858-ABC470B0206A}.Release|x86.ActiveCfg = Release|x86
		{C9E9F6A0-E322-476F-A858-ABC470B0206A}.Release|x86.Build.0 = Release|x86
		{8FE25062-ECF5-47F0-B875-E73865A7FBCD}.Debug|Any CPU.ActiveCfg = Debug|Any CPU
		{8FE25062-ECF5-47F0-B875-E73865A7FBCD}.Debug|Any CPU.Build.0 = Debug|Any CPU
		{8FE25062-ECF5-47F0-B875-E73865A7FBCD}.Debug|Mixed Platforms.ActiveCfg = Debug|Any CPU
		{8FE25062-ECF5-47F0-B875-E73865A7FBCD}.Debug|Mixed Platforms.Build.0 = Debug|Any CPU
		{8FE25062-ECF5-47F0-B875-E73865A7FBCD}.Debug|x86.ActiveCfg = Debug|Any CPU
		{8FE25062-ECF5-47F0-B875-E73865A7FBCD}.Release|Any CPU.ActiveCfg = Release|Any CPU
		{8FE25062-ECF5-47F0-B875-E73865A7FBCD}.Release|Any CPU.Build.0 = Release|Any CPU
		{8FE25062-ECF5-47F0-B875-E73865A7FBCD}.Release|Mixed Platforms.ActiveCfg = Release|Any CPU
		{8FE25062-ECF5-47F0-B875-E73865A7FBCD}.Release|Mixed Platforms.Build.0 = Release|Any CPU
		{8FE25062-ECF5-47F0-B875-E73865A7FBCD}.Release|x86.ActiveCfg = Release|Any CPU
		{DFBCCE2A-0195-41E3-92E6-7FD281459429}.Debug|Any CPU.ActiveCfg = Debug|Any CPU
		{DFBCCE2A-0195-41E3-92E6-7FD281459429}.Debug|Any CPU.Build.0 = Debug|Any CPU
		{DFBCCE2A-0195-41E3-92E6-7FD281459429}.Debug|Mixed Platforms.ActiveCfg = Debug|Any CPU
		{DFBCCE2A-0195-41E3-92E6-7FD281459429}.Debug|Mixed Platforms.Build.0 = Debug|Any CPU
		{DFBCCE2A-0195-41E3-92E6-7FD281459429}.Debug|x86.ActiveCfg = Debug|Any CPU
		{DFBCCE2A-0195-41E3-92E6-7FD281459429}.Release|Any CPU.ActiveCfg = Release|Any CPU
		{DFBCCE2A-0195-41E3-92E6-7FD281459429}.Release|Any CPU.Build.0 = Release|Any CPU
		{DFBCCE2A-0195-41E3-92E6-7FD281459429}.Release|Mixed Platforms.ActiveCfg = Release|Any CPU
		{DFBCCE2A-0195-41E3-92E6-7FD281459429}.Release|Mixed Platforms.Build.0 = Release|Any CPU
		{DFBCCE2A-0195-41E3-92E6-7FD281459429}.Release|x86.ActiveCfg = Release|Any CPU
	EndGlobalSection
	GlobalSection(SolutionProperties) = preSolution
		HideSolutionNode = FALSE
	EndGlobalSection
EndGlobal
